
Microsoft Visual Studio Solution File, Format Version 12.00
# Visual Studio Version 17
VisualStudioVersion = 17.8.34330.188
MinimumVisualStudioVersion = 10.0.40219.1
Project("{FAE04EC0-301F-11D3-BF4B-00C04F79EFBC}") = "PhamQuocTai_2122110011", "PhamQuocTai_2122110011.csproj", "{D380D79C-8F53-4D0A-8F82-B6A68A2ADA4D}"
EndProject
Global
	GlobalSection(SolutionConfigurationPlatforms) = preSolution
		Debug|Any CPU = Debug|Any CPU
		Release|Any CPU = Release|Any CPU
	EndGlobalSection
	GlobalSection(ProjectConfigurationPlatforms) = postSolution
		{D380D79C-8F53-4D0A-8F82-B6A68A2ADA4D}.Debug|Any CPU.ActiveCfg = Debug|Any CPU
		{D380D79C-8F53-4D0A-8F82-B6A68A2ADA4D}.Debug|Any CPU.Build.0 = Debug|Any CPU
		{D380D79C-8F53-4D0A-8F82-B6A68A2ADA4D}.Release|Any CPU.ActiveCfg = Release|Any CPU
		{D380D79C-8F53-4D0A-8F82-B6A68A2ADA4D}.Release|Any CPU.Build.0 = Release|Any CPU
	EndGlobalSection
	GlobalSection(SolutionProperties) = preSolution
		HideSolutionNode = FALSE
	EndGlobalSection
	GlobalSection(ExtensibilityGlobals) = postSolution
		SolutionGuid = {89A4AE38-EB5A-454C-92B7-A4C2F29DD30B}
	EndGlobalSection
EndGlobal
